
Microsoft Visual Studio Solution File, Format Version 12.00
# Visual Studio 15
VisualStudioVersion = 15.0.26124.0
MinimumVisualStudioVersion = 15.0.26124.0
Project("{FAE04EC0-301F-11D3-BF4B-00C04F79EFBC}") = "application", "Api.Application\application.csproj", "{E1DD0272-AFE1-4FC5-B14F-0AF96B2ABC4C}"
EndProject
Project("{FAE04EC0-301F-11D3-BF4B-00C04F79EFBC}") = "Domain", "Api.Domain\Domain.csproj", "{1BA0F2B6-C22C-42D8-BB22-8860E2AFF420}"
EndProject
Project("{FAE04EC0-301F-11D3-BF4B-00C04F79EFBC}") = "CrossCutting", "Api.CrossCutting\CrossCutting.csproj", "{15B26F5A-0612-49D5-A4D1-570815B4E4FF}"
EndProject
Project("{FAE04EC0-301F-11D3-BF4B-00C04F79EFBC}") = "Data", "Api.Data\Data.csproj", "{7820730A-347B-4FDF-935B-D5D813367E51}"
EndProject
Project("{FAE04EC0-301F-11D3-BF4B-00C04F79EFBC}") = "Service", "Api.Service\Service.csproj", "{55FCDE76-9219-45DB-A3B5-C53A013280F4}"
EndProject
Global
	GlobalSection(SolutionConfigurationPlatforms) = preSolution
		Debug|Any CPU = Debug|Any CPU
		Debug|x64 = Debug|x64
		Debug|x86 = Debug|x86
		Release|Any CPU = Release|Any CPU
		Release|x64 = Release|x64
		Release|x86 = Release|x86
	EndGlobalSection
	GlobalSection(SolutionProperties) = preSolution
		HideSolutionNode = FALSE
	EndGlobalSection
	GlobalSection(ProjectConfigurationPlatforms) = postSolution
		{E1DD0272-AFE1-4FC5-B14F-0AF96B2ABC4C}.Debug|Any CPU.ActiveCfg = Debug|Any CPU
		{E1DD0272-AFE1-4FC5-B14F-0AF96B2ABC4C}.Debug|Any CPU.Build.0 = Debug|Any CPU
		{E1DD0272-AFE1-4FC5-B14F-0AF96B2ABC4C}.Debug|x64.ActiveCfg = Debug|Any CPU
		{E1DD0272-AFE1-4FC5-B14F-0AF96B2ABC4C}.Debug|x64.Build.0 = Debug|Any CPU
		{E1DD0272-AFE1-4FC5-B14F-0AF96B2ABC4C}.Debug|x86.ActiveCfg = Debug|Any CPU
		{E1DD0272-AFE1-4FC5-B14F-0AF96B2ABC4C}.Debug|x86.Build.0 = Debug|Any CPU
		{E1DD0272-AFE1-4FC5-B14F-0AF96B2ABC4C}.Release|Any CPU.ActiveCfg = Release|Any CPU
		{E1DD0272-AFE1-4FC5-B14F-0AF96B2ABC4C}.Release|Any CPU.Build.0 = Release|Any CPU
		{E1DD0272-AFE1-4FC5-B14F-0AF96B2ABC4C}.Release|x64.ActiveCfg = Release|Any CPU
		{E1DD0272-AFE1-4FC5-B14F-0AF96B2ABC4C}.Release|x64.Build.0 = Release|Any CPU
		{E1DD0272-AFE1-4FC5-B14F-0AF96B2ABC4C}.Release|x86.ActiveCfg = Release|Any CPU
		{E1DD0272-AFE1-4FC5-B14F-0AF96B2ABC4C}.Release|x86.Build.0 = Release|Any CPU
		{1BA0F2B6-C22C-42D8-BB22-8860E2AFF420}.Debug|Any CPU.ActiveCfg = Debug|Any CPU
		{1BA0F2B6-C22C-42D8-BB22-8860E2AFF420}.Debug|Any CPU.Build.0 = Debug|Any CPU
		{1BA0F2B6-C22C-42D8-BB22-8860E2AFF420}.Debug|x64.ActiveCfg = Debug|Any CPU
		{1BA0F2B6-C22C-42D8-BB22-8860E2AFF420}.Debug|x64.Build.0 = Debug|Any CPU
		{1BA0F2B6-C22C-42D8-BB22-8860E2AFF420}.Debug|x86.ActiveCfg = Debug|Any CPU
		{1BA0F2B6-C22C-42D8-BB22-8860E2AFF420}.Debug|x86.Build.0 = Debug|Any CPU
		{1BA0F2B6-C22C-42D8-BB22-8860E2AFF420}.Release|Any CPU.ActiveCfg = Release|Any CPU
		{1BA0F2B6-C22C-42D8-BB22-8860E2AFF420}.Release|Any CPU.Build.0 = Release|Any CPU
		{1BA0F2B6-C22C-42D8-BB22-8860E2AFF420}.Release|x64.ActiveCfg = Release|Any CPU
		{1BA0F2B6-C22C-42D8-BB22-8860E2AFF420}.Release|x64.Build.0 = Release|Any CPU
		{1BA0F2B6-C22C-42D8-BB22-8860E2AFF420}.Release|x86.ActiveCfg = Release|Any CPU
		{1BA0F2B6-C22C-42D8-BB22-8860E2AFF420}.Release|x86.Build.0 = Release|Any CPU
		{15B26F5A-0612-49D5-A4D1-570815B4E4FF}.Debug|Any CPU.ActiveCfg = Debug|Any CPU
		{15B26F5A-0612-49D5-A4D1-570815B4E4FF}.Debug|Any CPU.Build.0 = Debug|Any CPU
		{15B26F5A-0612-49D5-A4D1-570815B4E4FF}.Debug|x64.ActiveCfg = Debug|Any CPU
		{15B26F5A-0612-49D5-A4D1-570815B4E4FF}.Debug|x64.Build.0 = Debug|Any CPU
		{15B26F5A-0612-49D5-A4D1-570815B4E4FF}.Debug|x86.ActiveCfg = Debug|Any CPU
		{15B26F5A-0612-49D5-A4D1-570815B4E4FF}.Debug|x86.Build.0 = Debug|Any CPU
		{15B26F5A-0612-49D5-A4D1-570815B4E4FF}.Release|Any CPU.ActiveCfg = Release|Any CPU
		{15B26F5A-0612-49D5-A4D1-570815B4E4FF}.Release|Any CPU.Build.0 = Release|Any CPU
		{15B26F5A-0612-49D5-A4D1-570815B4E4FF}.Release|x64.ActiveCfg = Release|Any CPU
		{15B26F5A-0612-49D5-A4D1-570815B4E4FF}.Release|x64.Build.0 = Release|Any CPU
		{15B26F5A-0612-49D5-A4D1-570815B4E4FF}.Release|x86.ActiveCfg = Release|Any CPU
		{15B26F5A-0612-49D5-A4D1-570815B4E4FF}.Release|x86.Build.0 = Release|Any CPU
		{7820730A-347B-4FDF-935B-D5D813367E51}.Debug|Any CPU.ActiveCfg = Debug|Any CPU
		{7820730A-347B-4FDF-935B-D5D813367E51}.Debug|Any CPU.Build.0 = Debug|Any CPU
		{7820730A-347B-4FDF-935B-D5D813367E51}.Debug|x64.ActiveCfg = Debug|Any CPU
		{7820730A-347B-4FDF-935B-D5D813367E51}.Debug|x64.Build.0 = Debug|Any CPU
		{7820730A-347B-4FDF-935B-D5D813367E51}.Debug|x86.ActiveCfg = Debug|Any CPU
		{7820730A-347B-4FDF-935B-D5D813367E51}.Debug|x86.Build.0 = Debug|Any CPU
		{7820730A-347B-4FDF-935B-D5D813367E51}.Release|Any CPU.ActiveCfg = Release|Any CPU
		{7820730A-347B-4FDF-935B-D5D813367E51}.Release|Any CPU.Build.0 = Release|Any CPU
		{7820730A-347B-4FDF-935B-D5D813367E51}.Release|x64.ActiveCfg = Release|Any CPU
		{7820730A-347B-4FDF-935B-D5D813367E51}.Release|x64.Build.0 = Release|Any CPU
		{7820730A-347B-4FDF-935B-D5D813367E51}.Release|x86.ActiveCfg = Release|Any CPU
		{7820730A-347B-4FDF-935B-D5D813367E51}.Release|x86.Build.0 = Release|Any CPU
		{55FCDE76-9219-45DB-A3B5-C53A013280F4}.Debug|Any CPU.ActiveCfg = Debug|Any CPU
		{55FCDE76-9219-45DB-A3B5-C53A013280F4}.Debug|Any CPU.Build.0 = Debug|Any CPU
		{55FCDE76-9219-45DB-A3B5-C53A013280F4}.Debug|x64.ActiveCfg = Debug|Any CPU
		{55FCDE76-9219-45DB-A3B5-C53A013280F4}.Debug|x64.Build.0 = Debug|Any CPU
		{55FCDE76-9219-45DB-A3B5-C53A013280F4}.Debug|x86.ActiveCfg = Debug|Any CPU
		{55FCDE76-9219-45DB-A3B5-C53A013280F4}.Debug|x86.Build.0 = Debug|Any CPU
		{55FCDE76-9219-45DB-A3B5-C53A013280F4}.Release|Any CPU.ActiveCfg = Release|Any CPU
		{55FCDE76-9219-45DB-A3B5-C53A013280F4}.Release|Any CPU.Build.0 = Release|Any CPU
		{55FCDE76-9219-45DB-A3B5-C53A013280F4}.Release|x64.ActiveCfg = Release|Any CPU
		{55FCDE76-9219-45DB-A3B5-C53A013280F4}.Release|x64.Build.0 = Release|Any CPU
		{55FCDE76-9219-45DB-A3B5-C53A013280F4}.Release|x86.ActiveCfg = Release|Any CPU
		{55FCDE76-9219-45DB-A3B5-C53A013280F4}.Release|x86.Build.0 = Release|Any CPU
	EndGlobalSection
EndGlobal
