
Microsoft Visual Studio Solution File, Format Version 12.00
# Visual Studio Version 17
VisualStudioVersion = 17.12.35506.116 d17.12
MinimumVisualStudioVersion = 10.0.40219.1
Project("{FAE04EC0-301F-11D3-BF4B-00C04F79EFBC}") = "LINQ", "LINQ.csproj", "{B7B86C3F-EEB0-47BF-A81F-6A523D8C1009}"
EndProject
Global
	GlobalSection(SolutionConfigurationPlatforms) = preSolution
		Debug|Any CPU = Debug|Any CPU
		Release|Any CPU = Release|Any CPU
	EndGlobalSection
	GlobalSection(ProjectConfigurationPlatforms) = postSolution
		{B7B86C3F-EEB0-47BF-A81F-6A523D8C1009}.Debug|Any CPU.ActiveCfg = Debug|Any CPU
		{B7B86C3F-EEB0-47BF-A81F-6A523D8C1009}.Debug|Any CPU.Build.0 = Debug|Any CPU
		{B7B86C3F-EEB0-47BF-A81F-6A523D8C1009}.Release|Any CPU.ActiveCfg = Release|Any CPU
		{B7B86C3F-EEB0-47BF-A81F-6A523D8C1009}.Release|Any CPU.Build.0 = Release|Any CPU
	EndGlobalSection
	GlobalSection(SolutionProperties) = preSolution
		HideSolutionNode = FALSE
	EndGlobalSection
EndGlobal
